
Microsoft Visual Studio Solution File, Format Version 12.00
# Visual Studio Version 16
VisualStudioVersion = 16.0.30011.22
MinimumVisualStudioVersion = 10.0.40219.1
Project("{FAE04EC0-301F-11D3-BF4B-00C04F79EFBC}") = "C968_Assessment", "C968_Assessment\C968_Assessment.csproj", "{59375025-831B-40C5-9A05-98D40F70966F}"
EndProject
Global
	GlobalSection(SolutionConfigurationPlatforms) = preSolution
		Debug|Any CPU = Debug|Any CPU
		Release|Any CPU = Release|Any CPU
	EndGlobalSection
	GlobalSection(ProjectConfigurationPlatforms) = postSolution
		{59375025-831B-40C5-9A05-98D40F70966F}.Debug|Any CPU.ActiveCfg = Debug|Any CPU
		{59375025-831B-40C5-9A05-98D40F70966F}.Debug|Any CPU.Build.0 = Debug|Any CPU
		{59375025-831B-40C5-9A05-98D40F70966F}.Release|Any CPU.ActiveCfg = Release|Any CPU
		{59375025-831B-40C5-9A05-98D40F70966F}.Release|Any CPU.Build.0 = Release|Any CPU
	EndGlobalSection
	GlobalSection(SolutionProperties) = preSolution
		HideSolutionNode = FALSE
	EndGlobalSection
	GlobalSection(ExtensibilityGlobals) = postSolution
		SolutionGuid = {8F323F87-0EBA-4EA8-926A-D8E721616AA7}
	EndGlobalSection
EndGlobal
